// !$*UTF8*$!
{
	archiveVersion = 1;
	classes = {
	};
	objectVersion = 52;
	objects = {

/* Begin PBXBuildFile section */
		1708650A2663561F005E0C9D /* File.swift in Sources */ = {isa = PBXBuildFile; fileRef = 170865092663561F005E0C9D /* File.swift */; };
		1708650C266356BA005E0C9D /* Benuse.swift in Sources */ = {isa = PBXBuildFile; fileRef = 1708650B266356BA005E0C9D /* Benuse.swift */; };
		1709A642266099E500A5DBA2 /* Launch Screen.storyboard in Resources */ = {isa = PBXBuildFile; fileRef = 1709A641266099E500A5DBA2 /* Launch Screen.storyboard */; };
		175474352664160700E8B12F /* Alamofire in Frameworks */ = {isa = PBXBuildFile; productRef = 175474342664160700E8B12F /* Alamofire */; };
		175474392664162800E8B12F /* OpenGraph in Frameworks */ = {isa = PBXBuildFile; productRef = 175474382664162800E8B12F /* OpenGraph */; };
		1754743B26641AD100E8B12F /* Alamofire in Frameworks */ = {isa = PBXBuildFile; productRef = 1754743A26641AD100E8B12F /* Alamofire */; };
		1754743D26641AD300E8B12F /* SwiftyJSON in Frameworks */ = {isa = PBXBuildFile; productRef = 1754743C26641AD300E8B12F /* SwiftyJSON */; };
		1754743F26641AD600E8B12F /* OpenGraph in Frameworks */ = {isa = PBXBuildFile; productRef = 1754743E26641AD600E8B12F /* OpenGraph */; };
		175916292662E165009E884D /* HNUtil.swift in Sources */ = {isa = PBXBuildFile; fileRef = 175916282662E165009E884D /* HNUtil.swift */; };
		1759162A2662E165009E884D /* HNUtil.swift in Sources */ = {isa = PBXBuildFile; fileRef = 175916282662E165009E884D /* HNUtil.swift */; };
		176EB9B9265B484900C54BD3 /* BenuseApp.swift in Sources */ = {isa = PBXBuildFile; fileRef = 176EB9A6265B484500C54BD3 /* BenuseApp.swift */; };
		176EB9BD265B484900C54BD3 /* Assets.xcassets in Resources */ = {isa = PBXBuildFile; fileRef = 176EB9A8265B484800C54BD3 /* Assets.xcassets */; };
		176EB9CE265B488100C54BD3 /* WidgetKit.framework in Frameworks */ = {isa = PBXBuildFile; fileRef = 176EB9CD265B488100C54BD3 /* WidgetKit.framework */; };
		176EB9D0265B488100C54BD3 /* SwiftUI.framework in Frameworks */ = {isa = PBXBuildFile; fileRef = 176EB9CF265B488100C54BD3 /* SwiftUI.framework */; };
		176EB9D6265B488B00C54BD3 /* Assets.xcassets in Resources */ = {isa = PBXBuildFile; fileRef = 176EB9D5265B488B00C54BD3 /* Assets.xcassets */; };
		176EB9D8265B488B00C54BD3 /* Benuse.intentdefinition in Sources */ = {isa = PBXBuildFile; fileRef = 176EB9D4265B488100C54BD3 /* Benuse.intentdefinition */; };
		176EB9D9265B488B00C54BD3 /* Benuse.intentdefinition in Sources */ = {isa = PBXBuildFile; fileRef = 176EB9D4265B488100C54BD3 /* Benuse.intentdefinition */; };
		176EB9DC265B488B00C54BD3 /* BenuseExtension.appex in Embed App Extensions */ = {isa = PBXBuildFile; fileRef = 176EB9CB265B488100C54BD3 /* BenuseExtension.appex */; settings = {ATTRIBUTES = (RemoveHeadersOnCopy, ); }; };
		1790748B2662315800C5FB6F /* SwiftyJSON in Frameworks */ = {isa = PBXBuildFile; productRef = 1790748A2662315800C5FB6F /* SwiftyJSON */; };
/* End PBXBuildFile section */

/* Begin PBXContainerItemProxy section */
		176EB9DA265B488B00C54BD3 /* PBXContainerItemProxy */ = {
			isa = PBXContainerItemProxy;
			containerPortal = 176EB9A1265B484500C54BD3 /* Project object */;
			proxyType = 1;
			remoteGlobalIDString = 176EB9CA265B488100C54BD3;
			remoteInfo = BenuseExtension;
		};
/* End PBXContainerItemProxy section */

/* Begin PBXCopyFilesBuildPhase section */
		176EB9E0265B488B00C54BD3 /* Embed App Extensions */ = {
			isa = PBXCopyFilesBuildPhase;
			buildActionMask = 2147483647;
			dstPath = "";
			dstSubfolderSpec = 13;
			files = (
				176EB9DC265B488B00C54BD3 /* BenuseExtension.appex in Embed App Extensions */,
			);
			name = "Embed App Extensions";
			runOnlyForDeploymentPostprocessing = 0;
		};
/* End PBXCopyFilesBuildPhase section */

/* Begin PBXFileReference section */
		170865092663561F005E0C9D /* File.swift */ = {isa = PBXFileReference; lastKnownFileType = sourcecode.swift; path = File.swift; sourceTree = "<group>"; };
		1708650B266356BA005E0C9D /* Benuse.swift */ = {isa = PBXFileReference; fileEncoding = 4; lastKnownFileType = sourcecode.swift; path = Benuse.swift; sourceTree = "<group>"; };
		1709A641266099E500A5DBA2 /* Launch Screen.storyboard */ = {isa = PBXFileReference; lastKnownFileType = file.storyboard; path = "Launch Screen.storyboard"; sourceTree = "<group>"; };
		175916282662E165009E884D /* HNUtil.swift */ = {isa = PBXFileReference; lastKnownFileType = sourcecode.swift; path = HNUtil.swift; sourceTree = "<group>"; };
		176EB9A6265B484500C54BD3 /* BenuseApp.swift */ = {isa = PBXFileReference; lastKnownFileType = sourcecode.swift; path = BenuseApp.swift; sourceTree = "<group>"; };
		176EB9A8265B484800C54BD3 /* Assets.xcassets */ = {isa = PBXFileReference; lastKnownFileType = folder.assetcatalog; path = Assets.xcassets; sourceTree = "<group>"; };
		176EB9AD265B484800C54BD3 /* Benuse.app */ = {isa = PBXFileReference; explicitFileType = wrapper.application; includeInIndex = 0; path = Benuse.app; sourceTree = BUILT_PRODUCTS_DIR; };
		176EB9B0265B484900C54BD3 /* Info.plist */ = {isa = PBXFileReference; lastKnownFileType = text.plist.xml; path = Info.plist; sourceTree = "<group>"; };
		176EB9CB265B488100C54BD3 /* BenuseExtension.appex */ = {isa = PBXFileReference; explicitFileType = "wrapper.app-extension"; includeInIndex = 0; path = BenuseExtension.appex; sourceTree = BUILT_PRODUCTS_DIR; };
		176EB9CD265B488100C54BD3 /* WidgetKit.framework */ = {isa = PBXFileReference; lastKnownFileType = wrapper.framework; name = WidgetKit.framework; path = System/Library/Frameworks/WidgetKit.framework; sourceTree = SDKROOT; };
		176EB9CF265B488100C54BD3 /* SwiftUI.framework */ = {isa = PBXFileReference; lastKnownFileType = wrapper.framework; name = SwiftUI.framework; path = System/Library/Frameworks/SwiftUI.framework; sourceTree = SDKROOT; };
		176EB9D4265B488100C54BD3 /* Benuse.intentdefinition */ = {isa = PBXFileReference; lastKnownFileType = file.intentdefinition; path = Benuse.intentdefinition; sourceTree = "<group>"; };
		176EB9D5265B488B00C54BD3 /* Assets.xcassets */ = {isa = PBXFileReference; lastKnownFileType = folder.assetcatalog; path = Assets.xcassets; sourceTree = "<group>"; };
		176EB9D7265B488B00C54BD3 /* Info.plist */ = {isa = PBXFileReference; lastKnownFileType = text.plist.xml; path = Info.plist; sourceTree = "<group>"; };
/* End PBXFileReference section */

/* Begin PBXFrameworksBuildPhase section */
		176EB9AA265B484800C54BD3 /* Frameworks */ = {
			isa = PBXFrameworksBuildPhase;
			buildActionMask = 2147483647;
			files = (
				1790748B2662315800C5FB6F /* SwiftyJSON in Frameworks */,
				175474352664160700E8B12F /* Alamofire in Frameworks */,
				175474392664162800E8B12F /* OpenGraph in Frameworks */,
			);
			runOnlyForDeploymentPostprocessing = 0;
		};
		176EB9C8265B488100C54BD3 /* Frameworks */ = {
			isa = PBXFrameworksBuildPhase;
			buildActionMask = 2147483647;
			files = (
				1754743B26641AD100E8B12F /* Alamofire in Frameworks */,
				176EB9D0265B488100C54BD3 /* SwiftUI.framework in Frameworks */,
				1754743D26641AD300E8B12F /* SwiftyJSON in Frameworks */,
				176EB9CE265B488100C54BD3 /* WidgetKit.framework in Frameworks */,
				1754743F26641AD600E8B12F /* OpenGraph in Frameworks */,
			);
			runOnlyForDeploymentPostprocessing = 0;
		};
/* End PBXFrameworksBuildPhase section */

/* Begin PBXGroup section */
		176EB9A0265B484400C54BD3 = {
			isa = PBXGroup;
			children = (
				176EB9A5265B484500C54BD3 /* Shared */,
				176EB9AF265B484900C54BD3 /* iOS */,
				176EB9D1265B488100C54BD3 /* Benuse */,
				176EB9CC265B488100C54BD3 /* Frameworks */,
				176EB9AE265B484800C54BD3 /* Products */,
			);
			sourceTree = "<group>";
		};
		176EB9A5265B484500C54BD3 /* Shared */ = {
			isa = PBXGroup;
			children = (
				176EB9A6265B484500C54BD3 /* BenuseApp.swift */,
				175916282662E165009E884D /* HNUtil.swift */,
				176EB9A8265B484800C54BD3 /* Assets.xcassets */,
				1709A641266099E500A5DBA2 /* Launch Screen.storyboard */,
			);
			path = Shared;
			sourceTree = "<group>";
		};
		176EB9AE265B484800C54BD3 /* Products */ = {
			isa = PBXGroup;
			children = (
				176EB9AD265B484800C54BD3 /* Benuse.app */,
				176EB9CB265B488100C54BD3 /* BenuseExtension.appex */,
			);
			name = Products;
			sourceTree = "<group>";
		};
		176EB9AF265B484900C54BD3 /* iOS */ = {
			isa = PBXGroup;
			children = (
				176EB9B0265B484900C54BD3 /* Info.plist */,
			);
			path = iOS;
			sourceTree = "<group>";
		};
		176EB9CC265B488100C54BD3 /* Frameworks */ = {
			isa = PBXGroup;
			children = (
				176EB9CD265B488100C54BD3 /* WidgetKit.framework */,
				176EB9CF265B488100C54BD3 /* SwiftUI.framework */,
			);
			name = Frameworks;
			sourceTree = "<group>";
		};
		176EB9D1265B488100C54BD3 /* Benuse */ = {
			isa = PBXGroup;
			children = (
				1708650B266356BA005E0C9D /* Benuse.swift */,
				170865092663561F005E0C9D /* File.swift */,
				176EB9D4265B488100C54BD3 /* Benuse.intentdefinition */,
				176EB9D5265B488B00C54BD3 /* Assets.xcassets */,
				176EB9D7265B488B00C54BD3 /* Info.plist */,
			);
			path = Benuse;
			sourceTree = "<group>";
		};
/* End PBXGroup section */

/* Begin PBXNativeTarget section */
		176EB9AC265B484800C54BD3 /* Benuse (iOS) */ = {
			isa = PBXNativeTarget;
			buildConfigurationList = 176EB9C1265B484900C54BD3 /* Build configuration list for PBXNativeTarget "Benuse (iOS)" */;
			buildPhases = (
				176EB9A9265B484800C54BD3 /* Sources */,
				176EB9AA265B484800C54BD3 /* Frameworks */,
				176EB9AB265B484800C54BD3 /* Resources */,
				176EB9E0265B488B00C54BD3 /* Embed App Extensions */,
			);
			buildRules = (
			);
			dependencies = (
				176EB9DB265B488B00C54BD3 /* PBXTargetDependency */,
			);
			name = "Benuse (iOS)";
			packageProductDependencies = (
				1790748A2662315800C5FB6F /* SwiftyJSON */,
				175474342664160700E8B12F /* Alamofire */,
				175474382664162800E8B12F /* OpenGraph */,
			);
			productName = "Benuse (iOS)";
			productReference = 176EB9AD265B484800C54BD3 /* Benuse.app */;
			productType = "com.apple.product-type.application";
		};
		176EB9CA265B488100C54BD3 /* BenuseExtension */ = {
			isa = PBXNativeTarget;
			buildConfigurationList = 176EB9DD265B488B00C54BD3 /* Build configuration list for PBXNativeTarget "BenuseExtension" */;
			buildPhases = (
				176EB9C7265B488100C54BD3 /* Sources */,
				176EB9C8265B488100C54BD3 /* Frameworks */,
				176EB9C9265B488100C54BD3 /* Resources */,
			);
			buildRules = (
			);
			dependencies = (
			);
			name = BenuseExtension;
			packageProductDependencies = (
				1754743A26641AD100E8B12F /* Alamofire */,
				1754743C26641AD300E8B12F /* SwiftyJSON */,
				1754743E26641AD600E8B12F /* OpenGraph */,
			);
			productName = BenuseExtension;
			productReference = 176EB9CB265B488100C54BD3 /* BenuseExtension.appex */;
			productType = "com.apple.product-type.app-extension";
		};
/* End PBXNativeTarget section */

/* Begin PBXProject section */
		176EB9A1265B484500C54BD3 /* Project object */ = {
			isa = PBXProject;
			attributes = {
				LastSwiftUpdateCheck = 1250;
				LastUpgradeCheck = 1250;
				TargetAttributes = {
					176EB9AC265B484800C54BD3 = {
						CreatedOnToolsVersion = 12.5;
					};
					176EB9CA265B488100C54BD3 = {
						CreatedOnToolsVersion = 12.5;
					};
				};
			};
			buildConfigurationList = 176EB9A4265B484500C54BD3 /* Build configuration list for PBXProject "Benuse" */;
			compatibilityVersion = "Xcode 9.3";
			developmentRegion = en;
			hasScannedForEncodings = 0;
			knownRegions = (
				en,
				Base,
			);
			mainGroup = 176EB9A0265B484400C54BD3;
			packageReferences = (
				179074862662314700C5FB6F /* XCRemoteSwiftPackageReference "Alamofire" */,
				179074892662315800C5FB6F /* XCRemoteSwiftPackageReference "SwiftyJSON" */,
				17547431266415D400E8B12F /* XCRemoteSwiftPackageReference "OpenGraph" */,
			);
			productRefGroup = 176EB9AE265B484800C54BD3 /* Products */;
			projectDirPath = "";
			projectRoot = "";
			targets = (
				176EB9AC265B484800C54BD3 /* Benuse (iOS) */,
				176EB9CA265B488100C54BD3 /* BenuseExtension */,
			);
		};
/* End PBXProject section */

/* Begin PBXResourcesBuildPhase section */
		176EB9AB265B484800C54BD3 /* Resources */ = {
			isa = PBXResourcesBuildPhase;
			buildActionMask = 2147483647;
			files = (
				1709A642266099E500A5DBA2 /* Launch Screen.storyboard in Resources */,
				176EB9BD265B484900C54BD3 /* Assets.xcassets in Resources */,
			);
			runOnlyForDeploymentPostprocessing = 0;
		};
		176EB9C9265B488100C54BD3 /* Resources */ = {
			isa = PBXResourcesBuildPhase;
			buildActionMask = 2147483647;
			files = (
				176EB9D6265B488B00C54BD3 /* Assets.xcassets in Resources */,
			);
			runOnlyForDeploymentPostprocessing = 0;
		};
/* End PBXResourcesBuildPhase section */

/* Begin PBXSourcesBuildPhase section */
		176EB9A9265B484800C54BD3 /* Sources */ = {
			isa = PBXSourcesBuildPhase;
			buildActionMask = 2147483647;
			files = (
				175916292662E165009E884D /* HNUtil.swift in Sources */,
				1708650A2663561F005E0C9D /* File.swift in Sources */,
				176EB9D9265B488B00C54BD3 /* Benuse.intentdefinition in Sources */,
				176EB9B9265B484900C54BD3 /* BenuseApp.swift in Sources */,
			);
			runOnlyForDeploymentPostprocessing = 0;
		};
		176EB9C7265B488100C54BD3 /* Sources */ = {
			isa = PBXSourcesBuildPhase;
			buildActionMask = 2147483647;
			files = (
				1759162A2662E165009E884D /* HNUtil.swift in Sources */,
				1708650C266356BA005E0C9D /* Benuse.swift in Sources */,
				176EB9D8265B488B00C54BD3 /* Benuse.intentdefinition in Sources */,
			);
			runOnlyForDeploymentPostprocessing = 0;
		};
/* End PBXSourcesBuildPhase section */

/* Begin PBXTargetDependency section */
		176EB9DB265B488B00C54BD3 /* PBXTargetDependency */ = {
			isa = PBXTargetDependency;
			target = 176EB9CA265B488100C54BD3 /* BenuseExtension */;
			targetProxy = 176EB9DA265B488B00C54BD3 /* PBXContainerItemProxy */;
		};
/* End PBXTargetDependency section */

/* Begin XCBuildConfiguration section */
		176EB9BF265B484900C54BD3 /* Debug */ = {
			isa = XCBuildConfiguration;
			buildSettings = {
				ALWAYS_SEARCH_USER_PATHS = NO;
				CLANG_ANALYZER_NONNULL = YES;
				CLANG_ANALYZER_NUMBER_OBJECT_CONVERSION = YES_AGGRESSIVE;
				CLANG_CXX_LANGUAGE_STANDARD = "gnu++14";
				CLANG_CXX_LIBRARY = "libc++";
				CLANG_ENABLE_MODULES = YES;
				CLANG_ENABLE_OBJC_ARC = YES;
				CLANG_ENABLE_OBJC_WEAK = YES;
				CLANG_WARN_BLOCK_CAPTURE_AUTORELEASING = YES;
				CLANG_WARN_BOOL_CONVERSION = YES;
				CLANG_WARN_COMMA = YES;
				CLANG_WARN_CONSTANT_CONVERSION = YES;
				CLANG_WARN_DEPRECATED_OBJC_IMPLEMENTATIONS = YES;
				CLANG_WARN_DIRECT_OBJC_ISA_USAGE = YES_ERROR;
				CLANG_WARN_DOCUMENTATION_COMMENTS = YES;
				CLANG_WARN_EMPTY_BODY = YES;
				CLANG_WARN_ENUM_CONVERSION = YES;
				CLANG_WARN_INFINITE_RECURSION = YES;
				CLANG_WARN_INT_CONVERSION = YES;
				CLANG_WARN_NON_LITERAL_NULL_CONVERSION = YES;
				CLANG_WARN_OBJC_IMPLICIT_RETAIN_SELF = YES;
				CLANG_WARN_OBJC_LITERAL_CONVERSION = YES;
				CLANG_WARN_OBJC_ROOT_CLASS = YES_ERROR;
				CLANG_WARN_QUOTED_INCLUDE_IN_FRAMEWORK_HEADER = YES;
				CLANG_WARN_RANGE_LOOP_ANALYSIS = YES;
				CLANG_WARN_STRICT_PROTOTYPES = YES;
				CLANG_WARN_SUSPICIOUS_MOVE = YES;
				CLANG_WARN_UNGUARDED_AVAILABILITY = YES_AGGRESSIVE;
				CLANG_WARN_UNREACHABLE_CODE = YES;
				CLANG_WARN__DUPLICATE_METHOD_MATCH = YES;
				COPY_PHASE_STRIP = NO;
				DEBUG_INFORMATION_FORMAT = dwarf;
				ENABLE_STRICT_OBJC_MSGSEND = YES;
				ENABLE_TESTABILITY = YES;
				GCC_C_LANGUAGE_STANDARD = gnu11;
				GCC_DYNAMIC_NO_PIC = NO;
				GCC_NO_COMMON_BLOCKS = YES;
				GCC_OPTIMIZATION_LEVEL = 0;
				GCC_PREPROCESSOR_DEFINITIONS = (
					"DEBUG=1",
					"$(inherited)",
				);
				GCC_WARN_64_TO_32_BIT_CONVERSION = YES;
				GCC_WARN_ABOUT_RETURN_TYPE = YES_ERROR;
				GCC_WARN_UNDECLARED_SELECTOR = YES;
				GCC_WARN_UNINITIALIZED_AUTOS = YES_AGGRESSIVE;
				GCC_WARN_UNUSED_FUNCTION = YES;
				GCC_WARN_UNUSED_VARIABLE = YES;
				MTL_ENABLE_DEBUG_INFO = INCLUDE_SOURCE;
				MTL_FAST_MATH = YES;
				ONLY_ACTIVE_ARCH = YES;
				SWIFT_ACTIVE_COMPILATION_CONDITIONS = DEBUG;
				SWIFT_OPTIMIZATION_LEVEL = "-Onone";
			};
			name = Debug;
		};
		176EB9C0265B484900C54BD3 /* Release */ = {
			isa = XCBuildConfiguration;
			buildSettings = {
				ALWAYS_SEARCH_USER_PATHS = NO;
				CLANG_ANALYZER_NONNULL = YES;
				CLANG_ANALYZER_NUMBER_OBJECT_CONVERSION = YES_AGGRESSIVE;
				CLANG_CXX_LANGUAGE_STANDARD = "gnu++14";
				CLANG_CXX_LIBRARY = "libc++";
				CLANG_ENABLE_MODULES = YES;
				CLANG_ENABLE_OBJC_ARC = YES;
				CLANG_ENABLE_OBJC_WEAK = YES;
				CLANG_WARN_BLOCK_CAPTURE_AUTORELEASING = YES;
				CLANG_WARN_BOOL_CONVERSION = YES;
				CLANG_WARN_COMMA = YES;
				CLANG_WARN_CONSTANT_CONVERSION = YES;
				CLANG_WARN_DEPRECATED_OBJC_IMPLEMENTATIONS = YES;
				CLANG_WARN_DIRECT_OBJC_ISA_USAGE = YES_ERROR;
				CLANG_WARN_DOCUMENTATION_COMMENTS = YES;
				CLANG_WARN_EMPTY_BODY = YES;
				CLANG_WARN_ENUM_CONVERSION = YES;
				CLANG_WARN_INFINITE_RECURSION = YES;
				CLANG_WARN_INT_CONVERSION = YES;
				CLANG_WARN_NON_LITERAL_NULL_CONVERSION = YES;
				CLANG_WARN_OBJC_IMPLICIT_RETAIN_SELF = YES;
				CLANG_WARN_OBJC_LITERAL_CONVERSION = YES;
				CLANG_WARN_OBJC_ROOT_CLASS = YES_ERROR;
				CLANG_WARN_QUOTED_INCLUDE_IN_FRAMEWORK_HEADER = YES;
				CLANG_WARN_RANGE_LOOP_ANALYSIS = YES;
				CLANG_WARN_STRICT_PROTOTYPES = YES;
				CLANG_WARN_SUSPICIOUS_MOVE = YES;
				CLANG_WARN_UNGUARDED_AVAILABILITY = YES_AGGRESSIVE;
				CLANG_WARN_UNREACHABLE_CODE = YES;
				CLANG_WARN__DUPLICATE_METHOD_MATCH = YES;
				COPY_PHASE_STRIP = NO;
				DEBUG_INFORMATION_FORMAT = "dwarf-with-dsym";
				ENABLE_NS_ASSERTIONS = NO;
				ENABLE_STRICT_OBJC_MSGSEND = YES;
				GCC_C_LANGUAGE_STANDARD = gnu11;
				GCC_NO_COMMON_BLOCKS = YES;
				GCC_WARN_64_TO_32_BIT_CONVERSION = YES;
				GCC_WARN_ABOUT_RETURN_TYPE = YES_ERROR;
				GCC_WARN_UNDECLARED_SELECTOR = YES;
				GCC_WARN_UNINITIALIZED_AUTOS = YES_AGGRESSIVE;
				GCC_WARN_UNUSED_FUNCTION = YES;
				GCC_WARN_UNUSED_VARIABLE = YES;
				MTL_ENABLE_DEBUG_INFO = NO;
				MTL_FAST_MATH = YES;
				SWIFT_COMPILATION_MODE = wholemodule;
				SWIFT_OPTIMIZATION_LEVEL = "-O";
			};
			name = Release;
		};
		176EB9C2265B484900C54BD3 /* Debug */ = {
			isa = XCBuildConfiguration;
			buildSettings = {
				ALWAYS_EMBED_SWIFT_STANDARD_LIBRARIES = "$(inherited)";
				ASSETCATALOG_COMPILER_APPICON_NAME = AppIcon;
				ASSETCATALOG_COMPILER_GLOBAL_ACCENT_COLOR_NAME = AccentColor;
				CODE_SIGN_STYLE = Automatic;
				DEVELOPMENT_TEAM = ZWNYM87BB9;
				ENABLE_PREVIEWS = YES;
				INFOPLIST_FILE = iOS/Info.plist;
				IPHONEOS_DEPLOYMENT_TARGET = 14.0;
				LD_RUNPATH_SEARCH_PATHS = (
					"$(inherited)",
					"@executable_path/Frameworks",
				);
				PRODUCT_BUNDLE_IDENTIFIER = com.jordanmann.Benuse;
				PRODUCT_NAME = Benuse;
				SDKROOT = iphoneos;
				SWIFT_VERSION = 5.0;
				TARGETED_DEVICE_FAMILY = "1,2";
			};
			name = Debug;
		};
		176EB9C3265B484900C54BD3 /* Release */ = {
			isa = XCBuildConfiguration;
			buildSettings = {
				ALWAYS_EMBED_SWIFT_STANDARD_LIBRARIES = "$(inherited)";
				ASSETCATALOG_COMPILER_APPICON_NAME = AppIcon;
				ASSETCATALOG_COMPILER_GLOBAL_ACCENT_COLOR_NAME = AccentColor;
				CODE_SIGN_STYLE = Automatic;
				DEVELOPMENT_TEAM = ZWNYM87BB9;
				ENABLE_PREVIEWS = YES;
				INFOPLIST_FILE = iOS/Info.plist;
				IPHONEOS_DEPLOYMENT_TARGET = 14.0;
				LD_RUNPATH_SEARCH_PATHS = (
					"$(inherited)",
					"@executable_path/Frameworks",
				);
				PRODUCT_BUNDLE_IDENTIFIER = com.jordanmann.Benuse;
				PRODUCT_NAME = Benuse;
				SDKROOT = iphoneos;
				SWIFT_VERSION = 5.0;
				TARGETED_DEVICE_FAMILY = "1,2";
				VALIDATE_PRODUCT = YES;
			};
			name = Release;
		};
		176EB9DE265B488B00C54BD3 /* Debug */ = {
			isa = XCBuildConfiguration;
			buildSettings = {
				ASSETCATALOG_COMPILER_GLOBAL_ACCENT_COLOR_NAME = AccentColor;
				ASSETCATALOG_COMPILER_WIDGET_BACKGROUND_COLOR_NAME = WidgetBackground;
				CODE_SIGN_STYLE = Automatic;
				DEVELOPMENT_TEAM = ZWNYM87BB9;
				INFOPLIST_FILE = Benuse/Info.plist;
				IPHONEOS_DEPLOYMENT_TARGET = 14.5;
				LD_RUNPATH_SEARCH_PATHS = (
					"$(inherited)",
					"@executable_path/Frameworks",
					"@executable_path/../../Frameworks",
				);
				PRODUCT_BUNDLE_IDENTIFIER = com.jordanmann.Benuse.Benuse;
				PRODUCT_NAME = "$(TARGET_NAME)";
				SDKROOT = iphoneos;
				SKIP_INSTALL = YES;
				SWIFT_VERSION = 5.0;
				TARGETED_DEVICE_FAMILY = "1,2";
			};
			name = Debug;
		};
		176EB9DF265B488B00C54BD3 /* Release */ = {
			isa = XCBuildConfiguration;
			buildSettings = {
				ASSETCATALOG_COMPILER_GLOBAL_ACCENT_COLOR_NAME = AccentColor;
				ASSETCATALOG_COMPILER_WIDGET_BACKGROUND_COLOR_NAME = WidgetBackground;
				CODE_SIGN_STYLE = Automatic;
				DEVELOPMENT_TEAM = ZWNYM87BB9;
				INFOPLIST_FILE = Benuse/Info.plist;
				IPHONEOS_DEPLOYMENT_TARGET = 14.5;
				LD_RUNPATH_SEARCH_PATHS = (
					"$(inherited)",
					"@executable_path/Frameworks",
					"@executable_path/../../Frameworks",
				);
				PRODUCT_BUNDLE_IDENTIFIER = com.jordanmann.Benuse.Benuse;
				PRODUCT_NAME = "$(TARGET_NAME)";
				SDKROOT = iphoneos;
				SKIP_INSTALL = YES;
				SWIFT_VERSION = 5.0;
				TARGETED_DEVICE_FAMILY = "1,2";
				VALIDATE_PRODUCT = YES;
			};
			name = Release;
		};
/* End XCBuildConfiguration section */

/* Begin XCConfigurationList section */
		176EB9A4265B484500C54BD3 /* Build configuration list for PBXProject "Benuse" */ = {
			isa = XCConfigurationList;
			buildConfigurations = (
				176EB9BF265B484900C54BD3 /* Debug */,
				176EB9C0265B484900C54BD3 /* Release */,
			);
			defaultConfigurationIsVisible = 0;
			defaultConfigurationName = Release;
		};
		176EB9C1265B484900C54BD3 /* Build configuration list for PBXNativeTarget "Benuse (iOS)" */ = {
			isa = XCConfigurationList;
			buildConfigurations = (
				176EB9C2265B484900C54BD3 /* Debug */,
				176EB9C3265B484900C54BD3 /* Release */,
			);
			defaultConfigurationIsVisible = 0;
			defaultConfigurationName = Release;
		};
		176EB9DD265B488B00C54BD3 /* Build configuration list for PBXNativeTarget "BenuseExtension" */ = {
			isa = XCConfigurationList;
			buildConfigurations = (
				176EB9DE265B488B00C54BD3 /* Debug */,
				176EB9DF265B488B00C54BD3 /* Release */,
			);
			defaultConfigurationIsVisible = 0;
			defaultConfigurationName = Release;
		};
/* End XCConfigurationList section */

/* Begin XCRemoteSwiftPackageReference section */
		17547431266415D400E8B12F /* XCRemoteSwiftPackageReference "OpenGraph" */ = {
			isa = XCRemoteSwiftPackageReference;
			repositoryURL = "https://github.com/satoshi-takano/OpenGraph/";
			requirement = {
				kind = upToNextMajorVersion;
				minimumVersion = 1.3.1;
			};
		};
		179074862662314700C5FB6F /* XCRemoteSwiftPackageReference "Alamofire" */ = {
			isa = XCRemoteSwiftPackageReference;
			repositoryURL = "https://github.com/Alamofire/Alamofire.git";
			requirement = {
				kind = upToNextMajorVersion;
				minimumVersion = 5.4.3;
			};
		};
		179074892662315800C5FB6F /* XCRemoteSwiftPackageReference "SwiftyJSON" */ = {
			isa = XCRemoteSwiftPackageReference;
			repositoryURL = "https://github.com/SwiftyJSON/SwiftyJSON.git";
			requirement = {
				kind = upToNextMajorVersion;
				minimumVersion = 5.0.1;
			};
		};
/* End XCRemoteSwiftPackageReference section */

/* Begin XCSwiftPackageProductDependency section */
		175474342664160700E8B12F /* Alamofire */ = {
			isa = XCSwiftPackageProductDependency;
			package = 179074862662314700C5FB6F /* XCRemoteSwiftPackageReference "Alamofire" */;
			productName = Alamofire;
		};
		175474382664162800E8B12F /* OpenGraph */ = {
			isa = XCSwiftPackageProductDependency;
			package = 17547431266415D400E8B12F /* XCRemoteSwiftPackageReference "OpenGraph" */;
			productName = OpenGraph;
		};
		1754743A26641AD100E8B12F /* Alamofire */ = {
			isa = XCSwiftPackageProductDependency;
			package = 179074862662314700C5FB6F /* XCRemoteSwiftPackageReference "Alamofire" */;
			productName = Alamofire;
		};
		1754743C26641AD300E8B12F /* SwiftyJSON */ = {
			isa = XCSwiftPackageProductDependency;
			package = 179074892662315800C5FB6F /* XCRemoteSwiftPackageReference "SwiftyJSON" */;
			productName = SwiftyJSON;
		};
		1754743E26641AD600E8B12F /* OpenGraph */ = {
			isa = XCSwiftPackageProductDependency;
			package = 17547431266415D400E8B12F /* XCRemoteSwiftPackageReference "OpenGraph" */;
			productName = OpenGraph;
		};
		1790748A2662315800C5FB6F /* SwiftyJSON */ = {
			isa = XCSwiftPackageProductDependency;
			package = 179074892662315800C5FB6F /* XCRemoteSwiftPackageReference "SwiftyJSON" */;
			productName = SwiftyJSON;
		};
/* End XCSwiftPackageProductDependency section */
	};
	rootObject = 176EB9A1265B484500C54BD3 /* Project object */;
}
