// !$*UTF8*$!
{
	archiveVersion = 1;
	classes = {
	};
	objectVersion = 52;
	objects = {

/* Begin PBXBuildFile section */
		17025EC2269CE711002ADA04 /* WidgetKit.framework in Frameworks */ = {isa = PBXBuildFile; fileRef = 176EB9CD265B488100C54BD3 /* WidgetKit.framework */; };
		17025EC3269CE711002ADA04 /* SwiftUI.framework in Frameworks */ = {isa = PBXBuildFile; fileRef = 176EB9CF265B488100C54BD3 /* SwiftUI.framework */; };
		17025EC6269CE711002ADA04 /* Widget.swift in Sources */ = {isa = PBXBuildFile; fileRef = 17025EC5269CE711002ADA04 /* Widget.swift */; };
		17025EC9269CE714002ADA04 /* Assets.xcassets in Resources */ = {isa = PBXBuildFile; fileRef = 17025EC8269CE714002ADA04 /* Assets.xcassets */; };
		17025ECB269CE714002ADA04 /* Widget.intentdefinition in Sources */ = {isa = PBXBuildFile; fileRef = 17025EC7269CE711002ADA04 /* Widget.intentdefinition */; };
		17025ECC269CE714002ADA04 /* Widget.intentdefinition in Sources */ = {isa = PBXBuildFile; fileRef = 17025EC7269CE711002ADA04 /* Widget.intentdefinition */; };
		17025ECF269CE714002ADA04 /* WidgetExtension.appex in Embed App Extensions */ = {isa = PBXBuildFile; fileRef = 17025EC1269CE711002ADA04 /* WidgetExtension.appex */; settings = {ATTRIBUTES = (RemoveHeadersOnCopy, ); }; };
		17025ED3269CE741002ADA04 /* HNUtil.swift in Sources */ = {isa = PBXBuildFile; fileRef = 175916282662E165009E884D /* HNUtil.swift */; };
		17025ED6269CE881002ADA04 /* OpenGraph in Frameworks */ = {isa = PBXBuildFile; productRef = 17025ED5269CE881002ADA04 /* OpenGraph */; };
		1709A642266099E500A5DBA2 /* Launch Screen.storyboard in Resources */ = {isa = PBXBuildFile; fileRef = 1709A641266099E500A5DBA2 /* Launch Screen.storyboard */; };
		172645DD26A0217600F18D70 /* WidgetUtil.swift in Sources */ = {isa = PBXBuildFile; fileRef = 172645DB26A0212C00F18D70 /* WidgetUtil.swift */; };
		172645E126A0FB2E00F18D70 /* WidgetViews.swift in Sources */ = {isa = PBXBuildFile; fileRef = 172645E026A0FB2E00F18D70 /* WidgetViews.swift */; };
		175916292662E165009E884D /* HNUtil.swift in Sources */ = {isa = PBXBuildFile; fileRef = 175916282662E165009E884D /* HNUtil.swift */; };
		175C639A266748BF00F47A58 /* WebView in Frameworks */ = {isa = PBXBuildFile; productRef = 175C6399266748BF00F47A58 /* WebView */; };
		176EB9B9265B484900C54BD3 /* BenuseApp.swift in Sources */ = {isa = PBXBuildFile; fileRef = 176EB9A6265B484500C54BD3 /* BenuseApp.swift */; };
		176EB9BD265B484900C54BD3 /* Assets.xcassets in Resources */ = {isa = PBXBuildFile; fileRef = 176EB9A8265B484800C54BD3 /* Assets.xcassets */; };
/* End PBXBuildFile section */

/* Begin PBXContainerItemProxy section */
		17025ECD269CE714002ADA04 /* PBXContainerItemProxy */ = {
			isa = PBXContainerItemProxy;
			containerPortal = 176EB9A1265B484500C54BD3 /* Project object */;
			proxyType = 1;
			remoteGlobalIDString = 17025EC0269CE711002ADA04;
			remoteInfo = WidgetExtension;
		};
/* End PBXContainerItemProxy section */

/* Begin PBXCopyFilesBuildPhase section */
		176EB9E0265B488B00C54BD3 /* Embed App Extensions */ = {
			isa = PBXCopyFilesBuildPhase;
			buildActionMask = 12;
			dstPath = "";
			dstSubfolderSpec = 13;
			files = (
				17025ECF269CE714002ADA04 /* WidgetExtension.appex in Embed App Extensions */,
			);
			name = "Embed App Extensions";
			runOnlyForDeploymentPostprocessing = 0;
		};
/* End PBXCopyFilesBuildPhase section */

/* Begin PBXFileReference section */
		17025EC1269CE711002ADA04 /* WidgetExtension.appex */ = {isa = PBXFileReference; explicitFileType = "wrapper.app-extension"; includeInIndex = 0; path = WidgetExtension.appex; sourceTree = BUILT_PRODUCTS_DIR; };
		17025EC5269CE711002ADA04 /* Widget.swift */ = {isa = PBXFileReference; lastKnownFileType = sourcecode.swift; path = Widget.swift; sourceTree = "<group>"; };
		17025EC7269CE711002ADA04 /* Widget.intentdefinition */ = {isa = PBXFileReference; lastKnownFileType = file.intentdefinition; path = Widget.intentdefinition; sourceTree = "<group>"; };
		17025EC8269CE714002ADA04 /* Assets.xcassets */ = {isa = PBXFileReference; lastKnownFileType = folder.assetcatalog; path = Assets.xcassets; sourceTree = "<group>"; };
		17025ECA269CE714002ADA04 /* Info.plist */ = {isa = PBXFileReference; lastKnownFileType = text.plist.xml; path = Info.plist; sourceTree = "<group>"; };
		1709A641266099E500A5DBA2 /* Launch Screen.storyboard */ = {isa = PBXFileReference; lastKnownFileType = file.storyboard; path = "Launch Screen.storyboard"; sourceTree = "<group>"; };
		172645DB26A0212C00F18D70 /* WidgetUtil.swift */ = {isa = PBXFileReference; lastKnownFileType = sourcecode.swift; path = WidgetUtil.swift; sourceTree = "<group>"; };
		172645E026A0FB2E00F18D70 /* WidgetViews.swift */ = {isa = PBXFileReference; fileEncoding = 4; lastKnownFileType = sourcecode.swift; path = WidgetViews.swift; sourceTree = "<group>"; };
		175916282662E165009E884D /* HNUtil.swift */ = {isa = PBXFileReference; lastKnownFileType = sourcecode.swift; path = HNUtil.swift; sourceTree = "<group>"; };
		176EB9A6265B484500C54BD3 /* BenuseApp.swift */ = {isa = PBXFileReference; lastKnownFileType = sourcecode.swift; path = BenuseApp.swift; sourceTree = "<group>"; };
		176EB9A8265B484800C54BD3 /* Assets.xcassets */ = {isa = PBXFileReference; lastKnownFileType = folder.assetcatalog; path = Assets.xcassets; sourceTree = "<group>"; };
		176EB9AD265B484800C54BD3 /* Benuse.app */ = {isa = PBXFileReference; explicitFileType = wrapper.application; includeInIndex = 0; path = Benuse.app; sourceTree = BUILT_PRODUCTS_DIR; };
		176EB9B0265B484900C54BD3 /* Info.plist */ = {isa = PBXFileReference; lastKnownFileType = text.plist.xml; path = Info.plist; sourceTree = "<group>"; };
		176EB9CD265B488100C54BD3 /* WidgetKit.framework */ = {isa = PBXFileReference; lastKnownFileType = wrapper.framework; name = WidgetKit.framework; path = System/Library/Frameworks/WidgetKit.framework; sourceTree = SDKROOT; };
		176EB9CF265B488100C54BD3 /* SwiftUI.framework */ = {isa = PBXFileReference; lastKnownFileType = wrapper.framework; name = SwiftUI.framework; path = System/Library/Frameworks/SwiftUI.framework; sourceTree = SDKROOT; };
/* End PBXFileReference section */

/* Begin PBXFrameworksBuildPhase section */
		17025EBE269CE711002ADA04 /* Frameworks */ = {
			isa = PBXFrameworksBuildPhase;
			buildActionMask = 2147483647;
			files = (
				17025EC3269CE711002ADA04 /* SwiftUI.framework in Frameworks */,
				17025EC2269CE711002ADA04 /* WidgetKit.framework in Frameworks */,
				17025ED6269CE881002ADA04 /* OpenGraph in Frameworks */,
			);
			runOnlyForDeploymentPostprocessing = 0;
		};
		176EB9AA265B484800C54BD3 /* Frameworks */ = {
			isa = PBXFrameworksBuildPhase;
			buildActionMask = 2147483647;
			files = (
				175C639A266748BF00F47A58 /* WebView in Frameworks */,
			);
			runOnlyForDeploymentPostprocessing = 0;
		};
/* End PBXFrameworksBuildPhase section */

/* Begin PBXGroup section */
		17025EC4269CE711002ADA04 /* Widget */ = {
			isa = PBXGroup;
			children = (
				17025EC5269CE711002ADA04 /* Widget.swift */,
				172645DB26A0212C00F18D70 /* WidgetUtil.swift */,
				172645E026A0FB2E00F18D70 /* WidgetViews.swift */,
				17025EC7269CE711002ADA04 /* Widget.intentdefinition */,
				17025EC8269CE714002ADA04 /* Assets.xcassets */,
				17025ECA269CE714002ADA04 /* Info.plist */,
			);
			path = Widget;
			sourceTree = "<group>";
		};
		176EB9A0265B484400C54BD3 = {
			isa = PBXGroup;
			children = (
				176EB9A5265B484500C54BD3 /* Shared */,
				176EB9AF265B484900C54BD3 /* iOS */,
				17025EC4269CE711002ADA04 /* Widget */,
				176EB9CC265B488100C54BD3 /* Frameworks */,
				176EB9AE265B484800C54BD3 /* Products */,
			);
			sourceTree = "<group>";
		};
		176EB9A5265B484500C54BD3 /* Shared */ = {
			isa = PBXGroup;
			children = (
				175916282662E165009E884D /* HNUtil.swift */,
			);
			path = Shared;
			sourceTree = "<group>";
		};
		176EB9AE265B484800C54BD3 /* Products */ = {
			isa = PBXGroup;
			children = (
				176EB9AD265B484800C54BD3 /* Benuse.app */,
				17025EC1269CE711002ADA04 /* WidgetExtension.appex */,
			);
			name = Products;
			sourceTree = "<group>";
		};
		176EB9AF265B484900C54BD3 /* iOS */ = {
			isa = PBXGroup;
			children = (
				176EB9A6265B484500C54BD3 /* BenuseApp.swift */,
				1709A641266099E500A5DBA2 /* Launch Screen.storyboard */,
				176EB9A8265B484800C54BD3 /* Assets.xcassets */,
				176EB9B0265B484900C54BD3 /* Info.plist */,
			);
			path = iOS;
			sourceTree = "<group>";
		};
		176EB9CC265B488100C54BD3 /* Frameworks */ = {
			isa = PBXGroup;
			children = (
				176EB9CD265B488100C54BD3 /* WidgetKit.framework */,
				176EB9CF265B488100C54BD3 /* SwiftUI.framework */,
			);
			name = Frameworks;
			sourceTree = "<group>";
		};
/* End PBXGroup section */

/* Begin PBXNativeTarget section */
		17025EC0269CE711002ADA04 /* WidgetExtension */ = {
			isa = PBXNativeTarget;
			buildConfigurationList = 17025ED0269CE714002ADA04 /* Build configuration list for PBXNativeTarget "WidgetExtension" */;
			buildPhases = (
				17025EBD269CE711002ADA04 /* Sources */,
				17025EBE269CE711002ADA04 /* Frameworks */,
				17025EBF269CE711002ADA04 /* Resources */,
			);
			buildRules = (
			);
			dependencies = (
			);
			name = WidgetExtension;
			packageProductDependencies = (
				17025ED5269CE881002ADA04 /* OpenGraph */,
			);
			productName = WidgetExtension;
			productReference = 17025EC1269CE711002ADA04 /* WidgetExtension.appex */;
			productType = "com.apple.product-type.app-extension";
		};
		176EB9AC265B484800C54BD3 /* Benuse (iOS) */ = {
			isa = PBXNativeTarget;
			buildConfigurationList = 176EB9C1265B484900C54BD3 /* Build configuration list for PBXNativeTarget "Benuse (iOS)" */;
			buildPhases = (
				176EB9A9265B484800C54BD3 /* Sources */,
				176EB9AA265B484800C54BD3 /* Frameworks */,
				176EB9AB265B484800C54BD3 /* Resources */,
				176EB9E0265B488B00C54BD3 /* Embed App Extensions */,
			);
			buildRules = (
			);
			dependencies = (
				17025ECE269CE714002ADA04 /* PBXTargetDependency */,
			);
			name = "Benuse (iOS)";
			packageProductDependencies = (
				175C6399266748BF00F47A58 /* WebView */,
			);
			productName = "Benuse (iOS)";
			productReference = 176EB9AD265B484800C54BD3 /* Benuse.app */;
			productType = "com.apple.product-type.application";
		};
/* End PBXNativeTarget section */

/* Begin PBXProject section */
		176EB9A1265B484500C54BD3 /* Project object */ = {
			isa = PBXProject;
			attributes = {
				LastSwiftUpdateCheck = 1250;
				LastUpgradeCheck = 1250;
				TargetAttributes = {
					17025EC0269CE711002ADA04 = {
						CreatedOnToolsVersion = 12.5.1;
					};
					176EB9AC265B484800C54BD3 = {
						CreatedOnToolsVersion = 12.5;
					};
				};
			};
			buildConfigurationList = 176EB9A4265B484500C54BD3 /* Build configuration list for PBXProject "Benuse" */;
			compatibilityVersion = "Xcode 9.3";
			developmentRegion = en;
			hasScannedForEncodings = 0;
			knownRegions = (
				en,
				Base,
			);
			mainGroup = 176EB9A0265B484400C54BD3;
			packageReferences = (
				175C6398266748BF00F47A58 /* XCRemoteSwiftPackageReference "SwiftUI-WebView" */,
				17025ED4269CE881002ADA04 /* XCRemoteSwiftPackageReference "OpenGraph" */,
			);
			productRefGroup = 176EB9AE265B484800C54BD3 /* Products */;
			projectDirPath = "";
			projectRoot = "";
			targets = (
				176EB9AC265B484800C54BD3 /* Benuse (iOS) */,
				17025EC0269CE711002ADA04 /* WidgetExtension */,
			);
		};
/* End PBXProject section */

/* Begin PBXResourcesBuildPhase section */
		17025EBF269CE711002ADA04 /* Resources */ = {
			isa = PBXResourcesBuildPhase;
			buildActionMask = 2147483647;
			files = (
				17025EC9269CE714002ADA04 /* Assets.xcassets in Resources */,
			);
			runOnlyForDeploymentPostprocessing = 0;
		};
		176EB9AB265B484800C54BD3 /* Resources */ = {
			isa = PBXResourcesBuildPhase;
			buildActionMask = 2147483647;
			files = (
				1709A642266099E500A5DBA2 /* Launch Screen.storyboard in Resources */,
				176EB9BD265B484900C54BD3 /* Assets.xcassets in Resources */,
			);
			runOnlyForDeploymentPostprocessing = 0;
		};
/* End PBXResourcesBuildPhase section */

/* Begin PBXSourcesBuildPhase section */
		17025EBD269CE711002ADA04 /* Sources */ = {
			isa = PBXSourcesBuildPhase;
			buildActionMask = 2147483647;
			files = (
				17025ED3269CE741002ADA04 /* HNUtil.swift in Sources */,
				172645DD26A0217600F18D70 /* WidgetUtil.swift in Sources */,
				172645E126A0FB2E00F18D70 /* WidgetViews.swift in Sources */,
				17025ECB269CE714002ADA04 /* Widget.intentdefinition in Sources */,
				17025EC6269CE711002ADA04 /* Widget.swift in Sources */,
			);
			runOnlyForDeploymentPostprocessing = 0;
		};
		176EB9A9265B484800C54BD3 /* Sources */ = {
			isa = PBXSourcesBuildPhase;
			buildActionMask = 2147483647;
			files = (
				17025ECC269CE714002ADA04 /* Widget.intentdefinition in Sources */,
				175916292662E165009E884D /* HNUtil.swift in Sources */,
				176EB9B9265B484900C54BD3 /* BenuseApp.swift in Sources */,
			);
			runOnlyForDeploymentPostprocessing = 0;
		};
/* End PBXSourcesBuildPhase section */

/* Begin PBXTargetDependency section */
		17025ECE269CE714002ADA04 /* PBXTargetDependency */ = {
			isa = PBXTargetDependency;
			target = 17025EC0269CE711002ADA04 /* WidgetExtension */;
			targetProxy = 17025ECD269CE714002ADA04 /* PBXContainerItemProxy */;
		};
/* End PBXTargetDependency section */

/* Begin XCBuildConfiguration section */
		17025ED1269CE714002ADA04 /* Debug */ = {
			isa = XCBuildConfiguration;
			buildSettings = {
				ASSETCATALOG_COMPILER_GLOBAL_ACCENT_COLOR_NAME = AccentColor;
				ASSETCATALOG_COMPILER_WIDGET_BACKGROUND_COLOR_NAME = WidgetBackground;
				CODE_SIGN_STYLE = Automatic;
				DEVELOPMENT_TEAM = ZWNYM87BB9;
				INFOPLIST_FILE = Widget/Info.plist;
				IPHONEOS_DEPLOYMENT_TARGET = 14.5;
				LD_RUNPATH_SEARCH_PATHS = (
					"$(inherited)",
					"@executable_path/Frameworks",
					"@executable_path/../../Frameworks",
				);
				PRODUCT_BUNDLE_IDENTIFIER = com.jordanmann.Benuse.Widget;
				PRODUCT_NAME = "$(TARGET_NAME)";
				SDKROOT = iphoneos;
				SKIP_INSTALL = YES;
				SWIFT_VERSION = 5.0;
				TARGETED_DEVICE_FAMILY = "1,2";
			};
			name = Debug;
		};
		17025ED2269CE714002ADA04 /* Release */ = {
			isa = XCBuildConfiguration;
			buildSettings = {
				ASSETCATALOG_COMPILER_GLOBAL_ACCENT_COLOR_NAME = AccentColor;
				ASSETCATALOG_COMPILER_WIDGET_BACKGROUND_COLOR_NAME = WidgetBackground;
				CODE_SIGN_STYLE = Automatic;
				DEVELOPMENT_TEAM = ZWNYM87BB9;
				INFOPLIST_FILE = Widget/Info.plist;
				IPHONEOS_DEPLOYMENT_TARGET = 14.5;
				LD_RUNPATH_SEARCH_PATHS = (
					"$(inherited)",
					"@executable_path/Frameworks",
					"@executable_path/../../Frameworks",
				);
				PRODUCT_BUNDLE_IDENTIFIER = com.jordanmann.Benuse.Widget;
				PRODUCT_NAME = "$(TARGET_NAME)";
				SDKROOT = iphoneos;
				SKIP_INSTALL = YES;
				SWIFT_VERSION = 5.0;
				TARGETED_DEVICE_FAMILY = "1,2";
				VALIDATE_PRODUCT = YES;
			};
			name = Release;
		};
		176EB9BF265B484900C54BD3 /* Debug */ = {
			isa = XCBuildConfiguration;
			buildSettings = {
				ALWAYS_SEARCH_USER_PATHS = NO;
				CLANG_ANALYZER_NONNULL = YES;
				CLANG_ANALYZER_NUMBER_OBJECT_CONVERSION = YES_AGGRESSIVE;
				CLANG_CXX_LANGUAGE_STANDARD = "gnu++14";
				CLANG_CXX_LIBRARY = "libc++";
				CLANG_ENABLE_MODULES = YES;
				CLANG_ENABLE_OBJC_ARC = YES;
				CLANG_ENABLE_OBJC_WEAK = YES;
				CLANG_WARN_BLOCK_CAPTURE_AUTORELEASING = YES;
				CLANG_WARN_BOOL_CONVERSION = YES;
				CLANG_WARN_COMMA = YES;
				CLANG_WARN_CONSTANT_CONVERSION = YES;
				CLANG_WARN_DEPRECATED_OBJC_IMPLEMENTATIONS = YES;
				CLANG_WARN_DIRECT_OBJC_ISA_USAGE = YES_ERROR;
				CLANG_WARN_DOCUMENTATION_COMMENTS = YES;
				CLANG_WARN_EMPTY_BODY = YES;
				CLANG_WARN_ENUM_CONVERSION = YES;
				CLANG_WARN_INFINITE_RECURSION = YES;
				CLANG_WARN_INT_CONVERSION = YES;
				CLANG_WARN_NON_LITERAL_NULL_CONVERSION = YES;
				CLANG_WARN_OBJC_IMPLICIT_RETAIN_SELF = YES;
				CLANG_WARN_OBJC_LITERAL_CONVERSION = YES;
				CLANG_WARN_OBJC_ROOT_CLASS = YES_ERROR;
				CLANG_WARN_QUOTED_INCLUDE_IN_FRAMEWORK_HEADER = YES;
				CLANG_WARN_RANGE_LOOP_ANALYSIS = YES;
				CLANG_WARN_STRICT_PROTOTYPES = YES;
				CLANG_WARN_SUSPICIOUS_MOVE = YES;
				CLANG_WARN_UNGUARDED_AVAILABILITY = YES_AGGRESSIVE;
				CLANG_WARN_UNREACHABLE_CODE = YES;
				CLANG_WARN__DUPLICATE_METHOD_MATCH = YES;
				COPY_PHASE_STRIP = NO;
				DEBUG_INFORMATION_FORMAT = dwarf;
				ENABLE_STRICT_OBJC_MSGSEND = YES;
				ENABLE_TESTABILITY = YES;
				GCC_C_LANGUAGE_STANDARD = gnu11;
				GCC_DYNAMIC_NO_PIC = NO;
				GCC_NO_COMMON_BLOCKS = YES;
				GCC_OPTIMIZATION_LEVEL = 0;
				GCC_PREPROCESSOR_DEFINITIONS = (
					"DEBUG=1",
					"$(inherited)",
				);
				GCC_WARN_64_TO_32_BIT_CONVERSION = YES;
				GCC_WARN_ABOUT_RETURN_TYPE = YES_ERROR;
				GCC_WARN_UNDECLARED_SELECTOR = YES;
				GCC_WARN_UNINITIALIZED_AUTOS = YES_AGGRESSIVE;
				GCC_WARN_UNUSED_FUNCTION = YES;
				GCC_WARN_UNUSED_VARIABLE = YES;
				MTL_ENABLE_DEBUG_INFO = INCLUDE_SOURCE;
				MTL_FAST_MATH = YES;
				ONLY_ACTIVE_ARCH = YES;
				SWIFT_ACTIVE_COMPILATION_CONDITIONS = DEBUG;
				SWIFT_OPTIMIZATION_LEVEL = "-Onone";
			};
			name = Debug;
		};
		176EB9C0265B484900C54BD3 /* Release */ = {
			isa = XCBuildConfiguration;
			buildSettings = {
				ALWAYS_SEARCH_USER_PATHS = NO;
				CLANG_ANALYZER_NONNULL = YES;
				CLANG_ANALYZER_NUMBER_OBJECT_CONVERSION = YES_AGGRESSIVE;
				CLANG_CXX_LANGUAGE_STANDARD = "gnu++14";
				CLANG_CXX_LIBRARY = "libc++";
				CLANG_ENABLE_MODULES = YES;
				CLANG_ENABLE_OBJC_ARC = YES;
				CLANG_ENABLE_OBJC_WEAK = YES;
				CLANG_WARN_BLOCK_CAPTURE_AUTORELEASING = YES;
				CLANG_WARN_BOOL_CONVERSION = YES;
				CLANG_WARN_COMMA = YES;
				CLANG_WARN_CONSTANT_CONVERSION = YES;
				CLANG_WARN_DEPRECATED_OBJC_IMPLEMENTATIONS = YES;
				CLANG_WARN_DIRECT_OBJC_ISA_USAGE = YES_ERROR;
				CLANG_WARN_DOCUMENTATION_COMMENTS = YES;
				CLANG_WARN_EMPTY_BODY = YES;
				CLANG_WARN_ENUM_CONVERSION = YES;
				CLANG_WARN_INFINITE_RECURSION = YES;
				CLANG_WARN_INT_CONVERSION = YES;
				CLANG_WARN_NON_LITERAL_NULL_CONVERSION = YES;
				CLANG_WARN_OBJC_IMPLICIT_RETAIN_SELF = YES;
				CLANG_WARN_OBJC_LITERAL_CONVERSION = YES;
				CLANG_WARN_OBJC_ROOT_CLASS = YES_ERROR;
				CLANG_WARN_QUOTED_INCLUDE_IN_FRAMEWORK_HEADER = YES;
				CLANG_WARN_RANGE_LOOP_ANALYSIS = YES;
				CLANG_WARN_STRICT_PROTOTYPES = YES;
				CLANG_WARN_SUSPICIOUS_MOVE = YES;
				CLANG_WARN_UNGUARDED_AVAILABILITY = YES_AGGRESSIVE;
				CLANG_WARN_UNREACHABLE_CODE = YES;
				CLANG_WARN__DUPLICATE_METHOD_MATCH = YES;
				COPY_PHASE_STRIP = NO;
				DEBUG_INFORMATION_FORMAT = "dwarf-with-dsym";
				ENABLE_NS_ASSERTIONS = NO;
				ENABLE_STRICT_OBJC_MSGSEND = YES;
				GCC_C_LANGUAGE_STANDARD = gnu11;
				GCC_NO_COMMON_BLOCKS = YES;
				GCC_WARN_64_TO_32_BIT_CONVERSION = YES;
				GCC_WARN_ABOUT_RETURN_TYPE = YES_ERROR;
				GCC_WARN_UNDECLARED_SELECTOR = YES;
				GCC_WARN_UNINITIALIZED_AUTOS = YES_AGGRESSIVE;
				GCC_WARN_UNUSED_FUNCTION = YES;
				GCC_WARN_UNUSED_VARIABLE = YES;
				MTL_ENABLE_DEBUG_INFO = NO;
				MTL_FAST_MATH = YES;
				SWIFT_COMPILATION_MODE = wholemodule;
				SWIFT_OPTIMIZATION_LEVEL = "-O";
			};
			name = Release;
		};
		176EB9C2265B484900C54BD3 /* Debug */ = {
			isa = XCBuildConfiguration;
			buildSettings = {
				ALWAYS_EMBED_SWIFT_STANDARD_LIBRARIES = "$(inherited)";
				ASSETCATALOG_COMPILER_APPICON_NAME = AppIcon;
				ASSETCATALOG_COMPILER_GLOBAL_ACCENT_COLOR_NAME = AccentColor;
				CODE_SIGN_STYLE = Automatic;
				DEVELOPMENT_TEAM = ZWNYM87BB9;
				ENABLE_PREVIEWS = YES;
				INFOPLIST_FILE = iOS/Info.plist;
				IPHONEOS_DEPLOYMENT_TARGET = 14.0;
				LD_RUNPATH_SEARCH_PATHS = (
					"$(inherited)",
					"@executable_path/Frameworks",
				);
				PRODUCT_BUNDLE_IDENTIFIER = com.jordanmann.Benuse;
				PRODUCT_NAME = Benuse;
				SDKROOT = iphoneos;
				SWIFT_VERSION = 5.0;
				TARGETED_DEVICE_FAMILY = "1,2";
			};
			name = Debug;
		};
		176EB9C3265B484900C54BD3 /* Release */ = {
			isa = XCBuildConfiguration;
			buildSettings = {
				ALWAYS_EMBED_SWIFT_STANDARD_LIBRARIES = "$(inherited)";
				ASSETCATALOG_COMPILER_APPICON_NAME = AppIcon;
				ASSETCATALOG_COMPILER_GLOBAL_ACCENT_COLOR_NAME = AccentColor;
				CODE_SIGN_STYLE = Automatic;
				DEVELOPMENT_TEAM = ZWNYM87BB9;
				ENABLE_PREVIEWS = YES;
				INFOPLIST_FILE = iOS/Info.plist;
				IPHONEOS_DEPLOYMENT_TARGET = 14.0;
				LD_RUNPATH_SEARCH_PATHS = (
					"$(inherited)",
					"@executable_path/Frameworks",
				);
				PRODUCT_BUNDLE_IDENTIFIER = com.jordanmann.Benuse;
				PRODUCT_NAME = Benuse;
				SDKROOT = iphoneos;
				SWIFT_VERSION = 5.0;
				TARGETED_DEVICE_FAMILY = "1,2";
				VALIDATE_PRODUCT = YES;
			};
			name = Release;
		};
/* End XCBuildConfiguration section */

/* Begin XCConfigurationList section */
		17025ED0269CE714002ADA04 /* Build configuration list for PBXNativeTarget "WidgetExtension" */ = {
			isa = XCConfigurationList;
			buildConfigurations = (
				17025ED1269CE714002ADA04 /* Debug */,
				17025ED2269CE714002ADA04 /* Release */,
			);
			defaultConfigurationIsVisible = 0;
			defaultConfigurationName = Release;
		};
		176EB9A4265B484500C54BD3 /* Build configuration list for PBXProject "Benuse" */ = {
			isa = XCConfigurationList;
			buildConfigurations = (
				176EB9BF265B484900C54BD3 /* Debug */,
				176EB9C0265B484900C54BD3 /* Release */,
			);
			defaultConfigurationIsVisible = 0;
			defaultConfigurationName = Release;
		};
		176EB9C1265B484900C54BD3 /* Build configuration list for PBXNativeTarget "Benuse (iOS)" */ = {
			isa = XCConfigurationList;
			buildConfigurations = (
				176EB9C2265B484900C54BD3 /* Debug */,
				176EB9C3265B484900C54BD3 /* Release */,
			);
			defaultConfigurationIsVisible = 0;
			defaultConfigurationName = Release;
		};
/* End XCConfigurationList section */

/* Begin XCRemoteSwiftPackageReference section */
		17025ED4269CE881002ADA04 /* XCRemoteSwiftPackageReference "OpenGraph" */ = {
			isa = XCRemoteSwiftPackageReference;
			repositoryURL = "https://github.com/satoshi-takano/OpenGraph/";
			requirement = {
				kind = upToNextMajorVersion;
				minimumVersion = 1.3.2;
			};
		};
		175C6398266748BF00F47A58 /* XCRemoteSwiftPackageReference "SwiftUI-WebView" */ = {
			isa = XCRemoteSwiftPackageReference;
			repositoryURL = "https://github.com/kylehickinson/SwiftUI-WebView";
			requirement = {
				kind = upToNextMajorVersion;
				minimumVersion = 0.3.0;
			};
		};
/* End XCRemoteSwiftPackageReference section */

/* Begin XCSwiftPackageProductDependency section */
		17025ED5269CE881002ADA04 /* OpenGraph */ = {
			isa = XCSwiftPackageProductDependency;
			package = 17025ED4269CE881002ADA04 /* XCRemoteSwiftPackageReference "OpenGraph" */;
			productName = OpenGraph;
		};
		175C6399266748BF00F47A58 /* WebView */ = {
			isa = XCSwiftPackageProductDependency;
			package = 175C6398266748BF00F47A58 /* XCRemoteSwiftPackageReference "SwiftUI-WebView" */;
			productName = WebView;
		};
/* End XCSwiftPackageProductDependency section */
	};
	rootObject = 176EB9A1265B484500C54BD3 /* Project object */;
}
